
Microsoft Visual Studio Solution File, Format Version 12.00
# Visual Studio Version 16
VisualStudioVersion = 16.0.30320.27
MinimumVisualStudioVersion = 10.0.40219.1
Project("{FAE04EC0-301F-11D3-BF4B-00C04F79EFBC}") = "20190812_Class2_RunAway", "20190812_Class2_RunAway\20190812_Class2_RunAway.csproj", "{A6A836F6-8237-4B86-874F-345F7739D39D}"
EndProject
Project("{FAE04EC0-301F-11D3-BF4B-00C04F79EFBC}") = "20190812_Practice01_window", "20190812_Practice01_window\20190812_Practice01_window.csproj", "{66DD33C3-122B-48FB-8DB2-1CD8376D1593}"
EndProject
Project("{FAE04EC0-301F-11D3-BF4B-00C04F79EFBC}") = "20190812_Practice_MDI", "20190812_Practice_MDI\20190812_Practice_MDI.csproj", "{8ECDFB5D-7AD0-4787-982A-36596B02A2BC}"
EndProject
Project("{FAE04EC0-301F-11D3-BF4B-00C04F79EFBC}") = "20190813_Class1_Timer", "20190813_Class1_Timer\20190813_Class1_Timer.csproj", "{C0B38EE7-BDE4-4558-B31E-1C17325F2CC6}"
EndProject
Project("{FAE04EC0-301F-11D3-BF4B-00C04F79EFBC}") = "20190813_Class2_PictureLoop", "20190813_Class2_PictureLoop\20190813_Class2_PictureLoop.csproj", "{E8AD20BE-F2F6-453E-A259-A017D9B981D6}"
EndProject
Project("{FAE04EC0-301F-11D3-BF4B-00C04F79EFBC}") = "20190813_class3_listBox", "20190813_class3_listBox\20190813_class3_listBox.csproj", "{5D5FF87D-36DA-41CD-B302-B8BE9B5BD407}"
EndProject
Project("{FAE04EC0-301F-11D3-BF4B-00C04F79EFBC}") = "20190813_Class4_Notebook", "20190813_Class4_Notebook\20190813_Class4_Notebook.csproj", "{90440E74-7DF3-499F-956F-98D8E59407E5}"
EndProject
Project("{FAE04EC0-301F-11D3-BF4B-00C04F79EFBC}") = "20190813_class5_Game", "20190813_class5_Game\20190813_class5_Game.csproj", "{11D70DAB-6501-4A6A-96E8-5E2FB4E5FA26}"
EndProject
Project("{FAE04EC0-301F-11D3-BF4B-00C04F79EFBC}") = "20190813_Practice_FileOpen", "20190813_Practice_FileOpen\20190813_Practice_FileOpen.csproj", "{3FAF55F3-5FA6-4094-B9FC-A602E4FE1BFE}"
EndProject
Project("{FAE04EC0-301F-11D3-BF4B-00C04F79EFBC}") = "20190814_Web_baidu", "20190814_Class1_baidu\20190814_Web_baidu.csproj", "{4201F9E4-D33F-408F-B2D9-EC28FFCC61F2}"
EndProject
Project("{FAE04EC0-301F-11D3-BF4B-00C04F79EFBC}") = "20190814_Delegate_多播", "20190814_class4_\20190814_Delegate_多播.csproj", "{09665A4C-122C-44A3-91BA-EBB068D877B8}"
EndProject
Project("{FAE04EC0-301F-11D3-BF4B-00C04F79EFBC}") = "20190814_传值_Ref_Out", "20190814_Class5_传值\20190814_传值_Ref_Out.csproj", "{B27D4DE3-BF95-42EC-9460-8A45117B3845}"
EndProject
Project("{FAE04EC0-301F-11D3-BF4B-00C04F79EFBC}") = "20190814_class6_Event", "20190814_class6_Event\20190814_class6_Event.csproj", "{DBE0E156-EC64-4A60-8BD6-03F225D1EE74}"
EndProject
Project("{FAE04EC0-301F-11D3-BF4B-00C04F79EFBC}") = "20190815_Class01_Event_Console", "20190815_Event_Console\20190815_Class01_Event_Console.csproj", "{60BB8DBE-A4DD-45AA-82A5-84777CA553A9}"
EndProject
Project("{FAE04EC0-301F-11D3-BF4B-00C04F79EFBC}") = "20190819_Class01_IP_Socket", "20190819_Class01_IP_Socket\20190819_Class01_IP_Socket.csproj", "{BA83EE3A-93B5-4E9D-9FEA-3AE564893E39}"
EndProject
Project("{FAE04EC0-301F-11D3-BF4B-00C04F79EFBC}") = "20190820_SQLServer", "20190820_SQLServer\20190820_SQLServer.csproj", "{C6C583DE-33B5-4C27-BDC6-D8B00439CEF7}"
EndProject
Project("{FAE04EC0-301F-11D3-BF4B-00C04F79EFBC}") = "20190821_Class", "20190821_Class\20190821_Class.csproj", "{F330AA4D-81BB-4652-9048-3F31D74B8E80}"
EndProject
Project("{FAE04EC0-301F-11D3-BF4B-00C04F79EFBC}") = "20190821_Class_UseDll", "20190821_Class_UseDll\20190821_Class_UseDll.csproj", "{19FDDFD9-4E15-4BBF-BC32-E30E4719BE7C}"
EndProject
Project("{FAE04EC0-301F-11D3-BF4B-00C04F79EFBC}") = "20190821_File_Ini", "20190821_Ini\20190821_File_Ini.csproj", "{EB96D5FE-6C28-4644-801A-CA929982A2A6}"
EndProject
Project("{FAE04EC0-301F-11D3-BF4B-00C04F79EFBC}") = "20190821_ExcelTest", "20190821_ExcelTest\20190821_ExcelTest.csproj", "{A6E4FDA6-40C4-4219-9BC7-510A3D983539}"
EndProject
Project("{FAE04EC0-301F-11D3-BF4B-00C04F79EFBC}") = "20190822_反射", "20190822_反射\20190822_反射.csproj", "{37F127A6-CA8D-4BCB-9F71-760F53A7B3D6}"
EndProject
Project("{FAE04EC0-301F-11D3-BF4B-00C04F79EFBC}") = "20190822_Interface", "20190822_Interface\20190822_Interface.csproj", "{ECBDEF35-7FFF-4E2D-AA35-ECC201C05387}"
EndProject
Project("{FAE04EC0-301F-11D3-BF4B-00C04F79EFBC}") = "20191206_Thread_ThreadBasic", "20190823_ThreadBasic\20191206_Thread_ThreadBasic.csproj", "{B10EC419-63EB-44CD-BCCF-218432847349}"
EndProject
Project("{FAE04EC0-301F-11D3-BF4B-00C04F79EFBC}") = "20191011_OpenCVTest", "20191011_OpenCVTest\20191011_OpenCVTest.csproj", "{24C8D270-9764-4AC7-9F89-D5497F8F0AF9}"
EndProject
Project("{FAE04EC0-301F-11D3-BF4B-00C04F79EFBC}") = "20191014_Serialize序列化", "20191014_Serialize\20191014_Serialize序列化.csproj", "{56C5D2A2-073D-4FE8-8989-D5F4CDF30B4B}"
EndProject
Project("{FAE04EC0-301F-11D3-BF4B-00C04F79EFBC}") = "20191114A_CameraSDK", "20191114A_CameraSDK\20191114A_CameraSDK.csproj", "{68057638-210A-4DE9-8287-5E7602CB779F}"
EndProject
Project("{FAE04EC0-301F-11D3-BF4B-00C04F79EFBC}") = "20191122_SpeedTest", "20191122_SpeedTest\20191122_SpeedTest.csproj", "{CB1C42D4-1167-4CA8-BA39-43584F71122D}"
EndProject
Project("{FAE04EC0-301F-11D3-BF4B-00C04F79EFBC}") = "20191130_Lock", "20191130_Lock\20191130_Lock.csproj", "{4FEB4DC7-1998-4804-9161-77B0AEC737A2}"
EndProject
Project("{FAE04EC0-301F-11D3-BF4B-00C04F79EFBC}") = "20191203_halcon_text_test", "20191203_halcon_text_test\20191203_halcon_text_test.csproj", "{CAB15DD5-DEDC-4CC0-A757-8A1176ADE11B}"
EndProject
Project("{FAE04EC0-301F-11D3-BF4B-00C04F79EFBC}") = "20191205_DataTable", "20191205_DataTable\20191205_DataTable.csproj", "{36B746B8-E7F0-476E-964E-9117AF8EC2CD}"
EndProject
Project("{FAE04EC0-301F-11D3-BF4B-00C04F79EFBC}") = "20191206_Thread_ThreadPool", "20191206_ThreadPool\20191206_Thread_ThreadPool.csproj", "{E6D00360-EC8F-4BB8-AD54-F8106CAC62C9}"
EndProject
Project("{FAE04EC0-301F-11D3-BF4B-00C04F79EFBC}") = "20191220_Thread_Task_Async", "20191220_\20191220_Thread_Task_Async.csproj", "{C61A02ED-993C-4951-8B65-FC2A1010BB8C}"
EndProject
Project("{FAE04EC0-301F-11D3-BF4B-00C04F79EFBC}") = "20191227_Collection_Generic_NoneGeneric", "20191227_Generic_List\20191227_Collection_Generic_NoneGeneric.csproj", "{70ED5623-D577-4393-A837-2C92D2BFAA90}"
EndProject
Project("{FAE04EC0-301F-11D3-BF4B-00C04F79EFBC}") = "20191229_IrisSkin", "20191229_IrisSkin\20191229_IrisSkin.csproj", "{DA88D84E-749E-4CEA-A9EA-7718B7A3A43F}"
EndProject
Project("{FAE04EC0-301F-11D3-BF4B-00C04F79EFBC}") = "20200104_Algorithm", "20200104_Algorithm\20200104_Algorithm.csproj", "{2243D78E-C015-456B-815E-A85596772F2F}"
EndProject
Project("{FAE04EC0-301F-11D3-BF4B-00C04F79EFBC}") = "20200220_DragEnter_DragDrop", "20200220_DragEnter_DragDrop\20200220_DragEnter_DragDrop.csproj", "{DF41CC77-84B5-4735-96CD-F228D5C1EDA7}"
EndProject
Project("{FAE04EC0-301F-11D3-BF4B-00C04F79EFBC}") = "20200222_Dev_Mode", "20200222_Dev_Mode\20200222_Dev_Mode.csproj", "{14F011B8-D0EF-4EAF-88C9-CEA8CF21EC59}"
EndProject
Project("{FAE04EC0-301F-11D3-BF4B-00C04F79EFBC}") = "20200406_GTK_Test02.GTK", "20200406_GTK_Test02.GTK\20200406_GTK_Test02.GTK.csproj", "{FB52D35A-FA4C-4063-90AC-BA11E24E8ED7}"
EndProject
Project("{FAE04EC0-301F-11D3-BF4B-00C04F79EFBC}") = "20200416_OpenCVControls", "20200416_OpenCVControls\20200416_OpenCVControls.csproj", "{AFA749AA-B20F-41A6-88F7-9B6BC051EA59}"
EndProject
Project("{FAE04EC0-301F-11D3-BF4B-00C04F79EFBC}") = "20190816_SerialPort", "20190816_SerialPort\20190816_SerialPort.csproj", "{229693CC-3CA8-45C8-A91A-D43975905D9D}"
EndProject
Project("{FAE04EC0-301F-11D3-BF4B-00C04F79EFBC}") = "20200615_DB_SQLite", "20200615_SQLite\20200615_DB_SQLite.csproj", "{E2ABEB1D-960F-4DC7-AEF6-23532FFF3BB8}"
EndProject
Project("{FAE04EC0-301F-11D3-BF4B-00C04F79EFBC}") = "20200627_SunnyUI_Test", "20200627_SunnyUI_Test\20200627_SunnyUI_Test.csproj", "{A56256D0-7C1C-4BC3-B1F3-6CE6AC198BDE}"
EndProject
Project("{FAE04EC0-301F-11D3-BF4B-00C04F79EFBC}") = "20200630_Layout_Dock", "20200630_Layout_Dock\20200630_Layout_Dock.csproj", "{580008F8-CD07-430B-9E34-6723BC990F58}"
EndProject
Project("{FAE04EC0-301F-11D3-BF4B-00C04F79EFBC}") = "20200705_Custom_Window_Move", "20200705_Custom_Window_Move\20200705_Custom_Window_Move.csproj", "{CA1BCECE-9451-4F56-B816-8A6CB5B0D445}"
EndProject
Project("{FAE04EC0-301F-11D3-BF4B-00C04F79EFBC}") = "20200714_DB_MySQL", "20200714_DB_MySQL\20200714_DB_MySQL.csproj", "{ABAFF662-7AAF-45A4-964F-9C05E7D5ADF1}"
EndProject
Project("{FAE04EC0-301F-11D3-BF4B-00C04F79EFBC}") = "20200719_Cotrol_Datetime", "20200719_Cotrol_Datetime\20200719_Cotrol_Datetime.csproj", "{10E62224-AFD9-4907-8DEA-62A1EFA25424}"
EndProject
Project("{FAE04EC0-301F-11D3-BF4B-00C04F79EFBC}") = "20200723_Encryption", "20200723_Encryption\20200723_Encryption.csproj", "{338FE6B0-4BC0-4E9F-8F53-219E5E7B75AB}"
EndProject
Project("{FAE04EC0-301F-11D3-BF4B-00C04F79EFBC}") = "20200727_DIYControls", "20200727_DIYControls\20200727_DIYControls.csproj", "{782BC624-02B5-430D-9E95-9F2FC5284487}"
EndProject
Project("{FAE04EC0-301F-11D3-BF4B-00C04F79EFBC}") = "20200810_WebAPIClient", "20200810_WebAPIClient\20200810_WebAPIClient.csproj", "{6AF9632C-307C-42F4-B688-B2384A83DE30}"
EndProject
Project("{FAE04EC0-301F-11D3-BF4B-00C04F79EFBC}") = "20200815_OpenGL.Net", "20200815_OpenGL\20200815_OpenGL.Net.csproj", "{4BD5A4A1-6387-46E3-B207-A0CDBA269E98}"
EndProject
Project("{FAE04EC0-301F-11D3-BF4B-00C04F79EFBC}") = "20200815_OpenTKTest", "20200815_OpenTKTest\20200815_OpenTKTest.csproj", "{A621E00F-011F-464F-A28F-CE7106D89822}"
EndProject
Project("{FAE04EC0-301F-11D3-BF4B-00C04F79EFBC}") = "20200816_File_JSON", "20200816_File_JSON\20200816_File_JSON.csproj", "{6474CAB5-8EC8-49A5-AE53-9B392DC6A1DF}"
EndProject
Project("{FAE04EC0-301F-11D3-BF4B-00C04F79EFBC}") = "20200829_Datetime", "20200829_Datetime\20200829_Datetime.csproj", "{43521D7D-BA0D-4A31-A589-1D65F46477B5}"
EndProject
Project("{FAE04EC0-301F-11D3-BF4B-00C04F79EFBC}") = "20200901_IO_人机交互_Message", "20200901_IO_人机交互_Message\20200901_IO_人机交互_Message.csproj", "{53843D20-0A69-4BE6-9B9E-22D48A497DC6}"
EndProject
Project("{FAE04EC0-301F-11D3-BF4B-00C04F79EFBC}") = "20200907_DIYControlTest", "20200907_DIYControlTest\20200907_DIYControlTest.csproj", "{E28F2B47-F2F3-4E1F-93F0-DBD85B8EEE79}"
EndProject
Project("{FAE04EC0-301F-11D3-BF4B-00C04F79EFBC}") = "20200916_IP", "20200916_IP\20200916_IP.csproj", "{27928006-89B4-4B74-94D1-EFEC27283413}"
EndProject
Project("{FAE04EC0-301F-11D3-BF4B-00C04F79EFBC}") = "20200922_ListView", "20200922_ListView\20200922_ListView.csproj", "{84860BA3-FEB7-4BA7-8F45-494A25B88DA4}"
EndProject
Project("{FAE04EC0-301F-11D3-BF4B-00C04F79EFBC}") = "20201030_Help", "20201030_Help\20201030_Help.csproj", "{BA4FCEF1-E5F4-4AEC-9098-90449EE9D517}"
EndProject
Project("{FAE04EC0-301F-11D3-BF4B-00C04F79EFBC}") = "20201130_Bit_Operation", "20201130_Bit_Operation\20201130_Bit_Operation.csproj", "{8EB15308-416D-430F-AFB7-28EE1592566E}"
EndProject
Project("{FAE04EC0-301F-11D3-BF4B-00C04F79EFBC}") = "20201203_DB_Dapper", "20201203_DB_Dapper\20201203_DB_Dapper.csproj", "{9E973FFF-7421-431A-8BA4-5E7BB0656B5B}"
EndProject
Project("{FAE04EC0-301F-11D3-BF4B-00C04F79EFBC}") = "20201215_Reference_Value_DataType", "20201215_Reference_Value_DataType\20201215_Reference_Value_DataType.csproj", "{D7569AD3-81DF-4FBD-A463-D7BFD6531564}"
EndProject
Project("{FAE04EC0-301F-11D3-BF4B-00C04F79EFBC}") = "20210106_ToolTip", "20210106_ToolTip\20210106_ToolTip.csproj", "{7AF62CC1-4009-4B41-AA68-A5BEB823372A}"
EndProject
Project("{FAE04EC0-301F-11D3-BF4B-00C04F79EFBC}") = "20210117_Obfuscar", "20210117_Obfuscar\20210117_Obfuscar.csproj", "{52C7931E-B0A9-4B12-A993-632007905A42}"
EndProject
Project("{9A19103F-16F7-4668-BE54-9A1E7A4F7556}") = "20210124_Indexer", "20210124_Indexer\20210124_Indexer.csproj", "{E4F3D1EF-3132-4D08-A558-143EBC5B61CF}"
EndProject
Project("{FAE04EC0-301F-11D3-BF4B-00C04F79EFBC}") = "20210125_Socket", "20210125_Socket\20210125_Socket.csproj", "{C537D31C-FAED-4D68-B54F-0D36BC591A97}"
EndProject
Project("{9A19103F-16F7-4668-BE54-9A1E7A4F7556}") = "20210125_Try_Catch", "20210125_Try_Catch\20210125_Try_Catch.csproj", "{99E4A56C-5614-486E-929A-FD29E8DA1B12}"
EndProject
Project("{9A19103F-16F7-4668-BE54-9A1E7A4F7556}") = "20210126_Dynamics", "20210126_Dynamics\20210126_Dynamics.csproj", "{AFD45F13-6DD6-47F0-A912-572823CAE4AB}"
EndProject
Project("{FAE04EC0-301F-11D3-BF4B-00C04F79EFBC}") = "20210130_Hardware", "20210130_Hardware\20210130_Hardware.csproj", "{78C391BF-D5B4-4AC5-AB96-B2F45348C41C}"
EndProject
Project("{FAE04EC0-301F-11D3-BF4B-00C04F79EFBC}") = "20210208_Email", "20210208_Email\20210208_Email.csproj", "{616AFF69-A71C-4A4D-A062-08E0B28CBAF8}"
EndProject
Project("{FAE04EC0-301F-11D3-BF4B-00C04F79EFBC}") = "20210216_Chart", "20210216_Chart\20210216_Chart.csproj", "{34B142AC-69BA-41E2-AEAF-C43C6EA00050}"
EndProject
Project("{9A19103F-16F7-4668-BE54-9A1E7A4F7556}") = "20210224_String", "20210224_String\20210224_String.csproj", "{6BE00540-9A04-4E54-B995-31E151373A0F}"
EndProject
Project("{FAE04EC0-301F-11D3-BF4B-00C04F79EFBC}") = "20190812_Login", "20190812_Login\20190812_Login.csproj", "{DF8F430A-A97A-4F5D-8A59-160021C07F89}"
EndProject
Project("{FAE04EC0-301F-11D3-BF4B-00C04F79EFBC}") = "20190814_Delegate", "20190814_Class3_AnonymousDelegate\20190814_Delegate.csproj", "{D6391A76-CBA3-46B1-8FE6-6F40CB7A1812}"
EndProject
Project("{FAE04EC0-301F-11D3-BF4B-00C04F79EFBC}") = "20190815_Event_WInForm", "20190815_Class_Event\20190815_Event_WInForm.csproj", "{008EB3DF-AC7D-442C-9109-05DC86EBE317}"
EndProject
Project("{FAE04EC0-301F-11D3-BF4B-00C04F79EFBC}") = "20210420_UI_SyncFusion", "20210420_UI_SyncFusion\20210420_UI_SyncFusion.csproj", "{F2B59109-18AE-4806-ABA7-719364420DDE}"
EndProject
Global
	GlobalSection(SolutionConfigurationPlatforms) = preSolution
		Debug|Any CPU = Debug|Any CPU
		Debug|x64 = Debug|x64
		Release|Any CPU = Release|Any CPU
		Release|x64 = Release|x64
	EndGlobalSection
	GlobalSection(ProjectConfigurationPlatforms) = postSolution
		{A6A836F6-8237-4B86-874F-345F7739D39D}.Debug|Any CPU.ActiveCfg = Debug|Any CPU
		{A6A836F6-8237-4B86-874F-345F7739D39D}.Debug|Any CPU.Build.0 = Debug|Any CPU
		{A6A836F6-8237-4B86-874F-345F7739D39D}.Debug|x64.ActiveCfg = Debug|Any CPU
		{A6A836F6-8237-4B86-874F-345F7739D39D}.Debug|x64.Build.0 = Debug|Any CPU
		{A6A836F6-8237-4B86-874F-345F7739D39D}.Release|Any CPU.ActiveCfg = Release|Any CPU
		{A6A836F6-8237-4B86-874F-345F7739D39D}.Release|Any CPU.Build.0 = Release|Any CPU
		{A6A836F6-8237-4B86-874F-345F7739D39D}.Release|x64.ActiveCfg = Release|Any CPU
		{A6A836F6-8237-4B86-874F-345F7739D39D}.Release|x64.Build.0 = Release|Any CPU
		{66DD33C3-122B-48FB-8DB2-1CD8376D1593}.Debug|Any CPU.ActiveCfg = Debug|Any CPU
		{66DD33C3-122B-48FB-8DB2-1CD8376D1593}.Debug|Any CPU.Build.0 = Debug|Any CPU
		{66DD33C3-122B-48FB-8DB2-1CD8376D1593}.Debug|x64.ActiveCfg = Debug|Any CPU
		{66DD33C3-122B-48FB-8DB2-1CD8376D1593}.Debug|x64.Build.0 = Debug|Any CPU
		{66DD33C3-122B-48FB-8DB2-1CD8376D1593}.Release|Any CPU.ActiveCfg = Release|Any CPU
		{66DD33C3-122B-48FB-8DB2-1CD8376D1593}.Release|Any CPU.Build.0 = Release|Any CPU
		{66DD33C3-122B-48FB-8DB2-1CD8376D1593}.Release|x64.ActiveCfg = Release|Any CPU
		{66DD33C3-122B-48FB-8DB2-1CD8376D1593}.Release|x64.Build.0 = Release|Any CPU
		{8ECDFB5D-7AD0-4787-982A-36596B02A2BC}.Debug|Any CPU.ActiveCfg = Debug|Any CPU
		{8ECDFB5D-7AD0-4787-982A-36596B02A2BC}.Debug|Any CPU.Build.0 = Debug|Any CPU
		{8ECDFB5D-7AD0-4787-982A-36596B02A2BC}.Debug|x64.ActiveCfg = Debug|Any CPU
		{8ECDFB5D-7AD0-4787-982A-36596B02A2BC}.Debug|x64.Build.0 = Debug|Any CPU
		{8ECDFB5D-7AD0-4787-982A-36596B02A2BC}.Release|Any CPU.ActiveCfg = Release|Any CPU
		{8ECDFB5D-7AD0-4787-982A-36596B02A2BC}.Release|Any CPU.Build.0 = Release|Any CPU
		{8ECDFB5D-7AD0-4787-982A-36596B02A2BC}.Release|x64.ActiveCfg = Release|Any CPU
		{8ECDFB5D-7AD0-4787-982A-36596B02A2BC}.Release|x64.Build.0 = Release|Any CPU
		{C0B38EE7-BDE4-4558-B31E-1C17325F2CC6}.Debug|Any CPU.ActiveCfg = Debug|Any CPU
		{C0B38EE7-BDE4-4558-B31E-1C17325F2CC6}.Debug|Any CPU.Build.0 = Debug|Any CPU
		{C0B38EE7-BDE4-4558-B31E-1C17325F2CC6}.Debug|x64.ActiveCfg = Debug|Any CPU
		{C0B38EE7-BDE4-4558-B31E-1C17325F2CC6}.Debug|x64.Build.0 = Debug|Any CPU
		{C0B38EE7-BDE4-4558-B31E-1C17325F2CC6}.Release|Any CPU.ActiveCfg = Release|Any CPU
		{C0B38EE7-BDE4-4558-B31E-1C17325F2CC6}.Release|Any CPU.Build.0 = Release|Any CPU
		{C0B38EE7-BDE4-4558-B31E-1C17325F2CC6}.Release|x64.ActiveCfg = Release|Any CPU
		{C0B38EE7-BDE4-4558-B31E-1C17325F2CC6}.Release|x64.Build.0 = Release|Any CPU
		{E8AD20BE-F2F6-453E-A259-A017D9B981D6}.Debug|Any CPU.ActiveCfg = Debug|Any CPU
		{E8AD20BE-F2F6-453E-A259-A017D9B981D6}.Debug|Any CPU.Build.0 = Debug|Any CPU
		{E8AD20BE-F2F6-453E-A259-A017D9B981D6}.Debug|x64.ActiveCfg = Debug|Any CPU
		{E8AD20BE-F2F6-453E-A259-A017D9B981D6}.Debug|x64.Build.0 = Debug|Any CPU
		{E8AD20BE-F2F6-453E-A259-A017D9B981D6}.Release|Any CPU.ActiveCfg = Release|Any CPU
		{E8AD20BE-F2F6-453E-A259-A017D9B981D6}.Release|Any CPU.Build.0 = Release|Any CPU
		{E8AD20BE-F2F6-453E-A259-A017D9B981D6}.Release|x64.ActiveCfg = Release|Any CPU
		{E8AD20BE-F2F6-453E-A259-A017D9B981D6}.Release|x64.Build.0 = Release|Any CPU
		{5D5FF87D-36DA-41CD-B302-B8BE9B5BD407}.Debug|Any CPU.ActiveCfg = Debug|Any CPU
		{5D5FF87D-36DA-41CD-B302-B8BE9B5BD407}.Debug|Any CPU.Build.0 = Debug|Any CPU
		{5D5FF87D-36DA-41CD-B302-B8BE9B5BD407}.Debug|x64.ActiveCfg = Debug|Any CPU
		{5D5FF87D-36DA-41CD-B302-B8BE9B5BD407}.Debug|x64.Build.0 = Debug|Any CPU
		{5D5FF87D-36DA-41CD-B302-B8BE9B5BD407}.Release|Any CPU.ActiveCfg = Release|Any CPU
		{5D5FF87D-36DA-41CD-B302-B8BE9B5BD407}.Release|Any CPU.Build.0 = Release|Any CPU
		{5D5FF87D-36DA-41CD-B302-B8BE9B5BD407}.Release|x64.ActiveCfg = Release|Any CPU
		{5D5FF87D-36DA-41CD-B302-B8BE9B5BD407}.Release|x64.Build.0 = Release|Any CPU
		{90440E74-7DF3-499F-956F-98D8E59407E5}.Debug|Any CPU.ActiveCfg = Debug|Any CPU
		{90440E74-7DF3-499F-956F-98D8E59407E5}.Debug|Any CPU.Build.0 = Debug|Any CPU
		{90440E74-7DF3-499F-956F-98D8E59407E5}.Debug|x64.ActiveCfg = Debug|Any CPU
		{90440E74-7DF3-499F-956F-98D8E59407E5}.Debug|x64.Build.0 = Debug|Any CPU
		{90440E74-7DF3-499F-956F-98D8E59407E5}.Release|Any CPU.ActiveCfg = Release|Any CPU
		{90440E74-7DF3-499F-956F-98D8E59407E5}.Release|Any CPU.Build.0 = Release|Any CPU
		{90440E74-7DF3-499F-956F-98D8E59407E5}.Release|x64.ActiveCfg = Release|Any CPU
		{90440E74-7DF3-499F-956F-98D8E59407E5}.Release|x64.Build.0 = Release|Any CPU
		{11D70DAB-6501-4A6A-96E8-5E2FB4E5FA26}.Debug|Any CPU.ActiveCfg = Debug|Any CPU
		{11D70DAB-6501-4A6A-96E8-5E2FB4E5FA26}.Debug|Any CPU.Build.0 = Debug|Any CPU
		{11D70DAB-6501-4A6A-96E8-5E2FB4E5FA26}.Debug|x64.ActiveCfg = Debug|Any CPU
		{11D70DAB-6501-4A6A-96E8-5E2FB4E5FA26}.Debug|x64.Build.0 = Debug|Any CPU
		{11D70DAB-6501-4A6A-96E8-5E2FB4E5FA26}.Release|Any CPU.ActiveCfg = Release|Any CPU
		{11D70DAB-6501-4A6A-96E8-5E2FB4E5FA26}.Release|Any CPU.Build.0 = Release|Any CPU
		{11D70DAB-6501-4A6A-96E8-5E2FB4E5FA26}.Release|x64.ActiveCfg = Release|Any CPU
		{11D70DAB-6501-4A6A-96E8-5E2FB4E5FA26}.Release|x64.Build.0 = Release|Any CPU
		{3FAF55F3-5FA6-4094-B9FC-A602E4FE1BFE}.Debug|Any CPU.ActiveCfg = Debug|Any CPU
		{3FAF55F3-5FA6-4094-B9FC-A602E4FE1BFE}.Debug|Any CPU.Build.0 = Debug|Any CPU
		{3FAF55F3-5FA6-4094-B9FC-A602E4FE1BFE}.Debug|x64.ActiveCfg = Debug|Any CPU
		{3FAF55F3-5FA6-4094-B9FC-A602E4FE1BFE}.Debug|x64.Build.0 = Debug|Any CPU
		{3FAF55F3-5FA6-4094-B9FC-A602E4FE1BFE}.Release|Any CPU.ActiveCfg = Release|Any CPU
		{3FAF55F3-5FA6-4094-B9FC-A602E4FE1BFE}.Release|Any CPU.Build.0 = Release|Any CPU
		{3FAF55F3-5FA6-4094-B9FC-A602E4FE1BFE}.Release|x64.ActiveCfg = Release|Any CPU
		{3FAF55F3-5FA6-4094-B9FC-A602E4FE1BFE}.Release|x64.Build.0 = Release|Any CPU
		{4201F9E4-D33F-408F-B2D9-EC28FFCC61F2}.Debug|Any CPU.ActiveCfg = Debug|Any CPU
		{4201F9E4-D33F-408F-B2D9-EC28FFCC61F2}.Debug|Any CPU.Build.0 = Debug|Any CPU
		{4201F9E4-D33F-408F-B2D9-EC28FFCC61F2}.Debug|x64.ActiveCfg = Debug|Any CPU
		{4201F9E4-D33F-408F-B2D9-EC28FFCC61F2}.Debug|x64.Build.0 = Debug|Any CPU
		{4201F9E4-D33F-408F-B2D9-EC28FFCC61F2}.Release|Any CPU.ActiveCfg = Release|Any CPU
		{4201F9E4-D33F-408F-B2D9-EC28FFCC61F2}.Release|Any CPU.Build.0 = Release|Any CPU
		{4201F9E4-D33F-408F-B2D9-EC28FFCC61F2}.Release|x64.ActiveCfg = Release|Any CPU
		{4201F9E4-D33F-408F-B2D9-EC28FFCC61F2}.Release|x64.Build.0 = Release|Any CPU
		{09665A4C-122C-44A3-91BA-EBB068D877B8}.Debug|Any CPU.ActiveCfg = Debug|Any CPU
		{09665A4C-122C-44A3-91BA-EBB068D877B8}.Debug|Any CPU.Build.0 = Debug|Any CPU
		{09665A4C-122C-44A3-91BA-EBB068D877B8}.Debug|x64.ActiveCfg = Debug|Any CPU
		{09665A4C-122C-44A3-91BA-EBB068D877B8}.Debug|x64.Build.0 = Debug|Any CPU
		{09665A4C-122C-44A3-91BA-EBB068D877B8}.Release|Any CPU.ActiveCfg = Release|Any CPU
		{09665A4C-122C-44A3-91BA-EBB068D877B8}.Release|Any CPU.Build.0 = Release|Any CPU
		{09665A4C-122C-44A3-91BA-EBB068D877B8}.Release|x64.ActiveCfg = Release|Any CPU
		{09665A4C-122C-44A3-91BA-EBB068D877B8}.Release|x64.Build.0 = Release|Any CPU
		{B27D4DE3-BF95-42EC-9460-8A45117B3845}.Debug|Any CPU.ActiveCfg = Debug|Any CPU
		{B27D4DE3-BF95-42EC-9460-8A45117B3845}.Debug|Any CPU.Build.0 = Debug|Any CPU
		{B27D4DE3-BF95-42EC-9460-8A45117B3845}.Debug|x64.ActiveCfg = Debug|Any CPU
		{B27D4DE3-BF95-42EC-9460-8A45117B3845}.Debug|x64.Build.0 = Debug|Any CPU
		{B27D4DE3-BF95-42EC-9460-8A45117B3845}.Release|Any CPU.ActiveCfg = Release|Any CPU
		{B27D4DE3-BF95-42EC-9460-8A45117B3845}.Release|Any CPU.Build.0 = Release|Any CPU
		{B27D4DE3-BF95-42EC-9460-8A45117B3845}.Release|x64.ActiveCfg = Release|Any CPU
		{B27D4DE3-BF95-42EC-9460-8A45117B3845}.Release|x64.Build.0 = Release|Any CPU
		{DBE0E156-EC64-4A60-8BD6-03F225D1EE74}.Debug|Any CPU.ActiveCfg = Debug|Any CPU
		{DBE0E156-EC64-4A60-8BD6-03F225D1EE74}.Debug|Any CPU.Build.0 = Debug|Any CPU
		{DBE0E156-EC64-4A60-8BD6-03F225D1EE74}.Debug|x64.ActiveCfg = Debug|Any CPU
		{DBE0E156-EC64-4A60-8BD6-03F225D1EE74}.Debug|x64.Build.0 = Debug|Any CPU
		{DBE0E156-EC64-4A60-8BD6-03F225D1EE74}.Release|Any CPU.ActiveCfg = Release|Any CPU
		{DBE0E156-EC64-4A60-8BD6-03F225D1EE74}.Release|Any CPU.Build.0 = Release|Any CPU
		{DBE0E156-EC64-4A60-8BD6-03F225D1EE74}.Release|x64.ActiveCfg = Release|Any CPU
		{DBE0E156-EC64-4A60-8BD6-03F225D1EE74}.Release|x64.Build.0 = Release|Any CPU
		{60BB8DBE-A4DD-45AA-82A5-84777CA553A9}.Debug|Any CPU.ActiveCfg = Debug|Any CPU
		{60BB8DBE-A4DD-45AA-82A5-84777CA553A9}.Debug|Any CPU.Build.0 = Debug|Any CPU
		{60BB8DBE-A4DD-45AA-82A5-84777CA553A9}.Debug|x64.ActiveCfg = Debug|Any CPU
		{60BB8DBE-A4DD-45AA-82A5-84777CA553A9}.Debug|x64.Build.0 = Debug|Any CPU
		{60BB8DBE-A4DD-45AA-82A5-84777CA553A9}.Release|Any CPU.ActiveCfg = Release|Any CPU
		{60BB8DBE-A4DD-45AA-82A5-84777CA553A9}.Release|Any CPU.Build.0 = Release|Any CPU
		{60BB8DBE-A4DD-45AA-82A5-84777CA553A9}.Release|x64.ActiveCfg = Release|Any CPU
		{60BB8DBE-A4DD-45AA-82A5-84777CA553A9}.Release|x64.Build.0 = Release|Any CPU
		{BA83EE3A-93B5-4E9D-9FEA-3AE564893E39}.Debug|Any CPU.ActiveCfg = Debug|Any CPU
		{BA83EE3A-93B5-4E9D-9FEA-3AE564893E39}.Debug|Any CPU.Build.0 = Debug|Any CPU
		{BA83EE3A-93B5-4E9D-9FEA-3AE564893E39}.Debug|x64.ActiveCfg = Debug|Any CPU
		{BA83EE3A-93B5-4E9D-9FEA-3AE564893E39}.Debug|x64.Build.0 = Debug|Any CPU
		{BA83EE3A-93B5-4E9D-9FEA-3AE564893E39}.Release|Any CPU.ActiveCfg = Release|Any CPU
		{BA83EE3A-93B5-4E9D-9FEA-3AE564893E39}.Release|Any CPU.Build.0 = Release|Any CPU
		{BA83EE3A-93B5-4E9D-9FEA-3AE564893E39}.Release|x64.ActiveCfg = Release|Any CPU
		{BA83EE3A-93B5-4E9D-9FEA-3AE564893E39}.Release|x64.Build.0 = Release|Any CPU
		{C6C583DE-33B5-4C27-BDC6-D8B00439CEF7}.Debug|Any CPU.ActiveCfg = Debug|Any CPU
		{C6C583DE-33B5-4C27-BDC6-D8B00439CEF7}.Debug|Any CPU.Build.0 = Debug|Any CPU
		{C6C583DE-33B5-4C27-BDC6-D8B00439CEF7}.Debug|x64.ActiveCfg = Debug|Any CPU
		{C6C583DE-33B5-4C27-BDC6-D8B00439CEF7}.Debug|x64.Build.0 = Debug|Any CPU
		{C6C583DE-33B5-4C27-BDC6-D8B00439CEF7}.Release|Any CPU.ActiveCfg = Release|Any CPU
		{C6C583DE-33B5-4C27-BDC6-D8B00439CEF7}.Release|Any CPU.Build.0 = Release|Any CPU
		{C6C583DE-33B5-4C27-BDC6-D8B00439CEF7}.Release|x64.ActiveCfg = Release|Any CPU
		{C6C583DE-33B5-4C27-BDC6-D8B00439CEF7}.Release|x64.Build.0 = Release|Any CPU
		{F330AA4D-81BB-4652-9048-3F31D74B8E80}.Debug|Any CPU.ActiveCfg = Debug|Any CPU
		{F330AA4D-81BB-4652-9048-3F31D74B8E80}.Debug|Any CPU.Build.0 = Debug|Any CPU
		{F330AA4D-81BB-4652-9048-3F31D74B8E80}.Debug|x64.ActiveCfg = Debug|Any CPU
		{F330AA4D-81BB-4652-9048-3F31D74B8E80}.Debug|x64.Build.0 = Debug|Any CPU
		{F330AA4D-81BB-4652-9048-3F31D74B8E80}.Release|Any CPU.ActiveCfg = Release|Any CPU
		{F330AA4D-81BB-4652-9048-3F31D74B8E80}.Release|Any CPU.Build.0 = Release|Any CPU
		{F330AA4D-81BB-4652-9048-3F31D74B8E80}.Release|x64.ActiveCfg = Release|Any CPU
		{F330AA4D-81BB-4652-9048-3F31D74B8E80}.Release|x64.Build.0 = Release|Any CPU
		{19FDDFD9-4E15-4BBF-BC32-E30E4719BE7C}.Debug|Any CPU.ActiveCfg = Debug|Any CPU
		{19FDDFD9-4E15-4BBF-BC32-E30E4719BE7C}.Debug|Any CPU.Build.0 = Debug|Any CPU
		{19FDDFD9-4E15-4BBF-BC32-E30E4719BE7C}.Debug|x64.ActiveCfg = Debug|Any CPU
		{19FDDFD9-4E15-4BBF-BC32-E30E4719BE7C}.Debug|x64.Build.0 = Debug|Any CPU
		{19FDDFD9-4E15-4BBF-BC32-E30E4719BE7C}.Release|Any CPU.ActiveCfg = Release|Any CPU
		{19FDDFD9-4E15-4BBF-BC32-E30E4719BE7C}.Release|Any CPU.Build.0 = Release|Any CPU
		{19FDDFD9-4E15-4BBF-BC32-E30E4719BE7C}.Release|x64.ActiveCfg = Release|Any CPU
		{19FDDFD9-4E15-4BBF-BC32-E30E4719BE7C}.Release|x64.Build.0 = Release|Any CPU
		{EB96D5FE-6C28-4644-801A-CA929982A2A6}.Debug|Any CPU.ActiveCfg = Debug|Any CPU
		{EB96D5FE-6C28-4644-801A-CA929982A2A6}.Debug|Any CPU.Build.0 = Debug|Any CPU
		{EB96D5FE-6C28-4644-801A-CA929982A2A6}.Debug|x64.ActiveCfg = Debug|Any CPU
		{EB96D5FE-6C28-4644-801A-CA929982A2A6}.Debug|x64.Build.0 = Debug|Any CPU
		{EB96D5FE-6C28-4644-801A-CA929982A2A6}.Release|Any CPU.ActiveCfg = Release|Any CPU
		{EB96D5FE-6C28-4644-801A-CA929982A2A6}.Release|Any CPU.Build.0 = Release|Any CPU
		{EB96D5FE-6C28-4644-801A-CA929982A2A6}.Release|x64.ActiveCfg = Release|Any CPU
		{EB96D5FE-6C28-4644-801A-CA929982A2A6}.Release|x64.Build.0 = Release|Any CPU
		{A6E4FDA6-40C4-4219-9BC7-510A3D983539}.Debug|Any CPU.ActiveCfg = Debug|Any CPU
		{A6E4FDA6-40C4-4219-9BC7-510A3D983539}.Debug|Any CPU.Build.0 = Debug|Any CPU
		{A6E4FDA6-40C4-4219-9BC7-510A3D983539}.Debug|x64.ActiveCfg = Debug|Any CPU
		{A6E4FDA6-40C4-4219-9BC7-510A3D983539}.Debug|x64.Build.0 = Debug|Any CPU
		{A6E4FDA6-40C4-4219-9BC7-510A3D983539}.Release|Any CPU.ActiveCfg = Release|Any CPU
		{A6E4FDA6-40C4-4219-9BC7-510A3D983539}.Release|Any CPU.Build.0 = Release|Any CPU
		{A6E4FDA6-40C4-4219-9BC7-510A3D983539}.Release|x64.ActiveCfg = Release|Any CPU
		{A6E4FDA6-40C4-4219-9BC7-510A3D983539}.Release|x64.Build.0 = Release|Any CPU
		{37F127A6-CA8D-4BCB-9F71-760F53A7B3D6}.Debug|Any CPU.ActiveCfg = Debug|Any CPU
		{37F127A6-CA8D-4BCB-9F71-760F53A7B3D6}.Debug|Any CPU.Build.0 = Debug|Any CPU
		{37F127A6-CA8D-4BCB-9F71-760F53A7B3D6}.Debug|x64.ActiveCfg = Debug|Any CPU
		{37F127A6-CA8D-4BCB-9F71-760F53A7B3D6}.Debug|x64.Build.0 = Debug|Any CPU
		{37F127A6-CA8D-4BCB-9F71-760F53A7B3D6}.Release|Any CPU.ActiveCfg = Release|Any CPU
		{37F127A6-CA8D-4BCB-9F71-760F53A7B3D6}.Release|Any CPU.Build.0 = Release|Any CPU
		{37F127A6-CA8D-4BCB-9F71-760F53A7B3D6}.Release|x64.ActiveCfg = Release|Any CPU
		{37F127A6-CA8D-4BCB-9F71-760F53A7B3D6}.Release|x64.Build.0 = Release|Any CPU
		{ECBDEF35-7FFF-4E2D-AA35-ECC201C05387}.Debug|Any CPU.ActiveCfg = Debug|Any CPU
		{ECBDEF35-7FFF-4E2D-AA35-ECC201C05387}.Debug|Any CPU.Build.0 = Debug|Any CPU
		{ECBDEF35-7FFF-4E2D-AA35-ECC201C05387}.Debug|x64.ActiveCfg = Debug|Any CPU
		{ECBDEF35-7FFF-4E2D-AA35-ECC201C05387}.Debug|x64.Build.0 = Debug|Any CPU
		{ECBDEF35-7FFF-4E2D-AA35-ECC201C05387}.Release|Any CPU.ActiveCfg = Release|Any CPU
		{ECBDEF35-7FFF-4E2D-AA35-ECC201C05387}.Release|Any CPU.Build.0 = Release|Any CPU
		{ECBDEF35-7FFF-4E2D-AA35-ECC201C05387}.Release|x64.ActiveCfg = Release|Any CPU
		{ECBDEF35-7FFF-4E2D-AA35-ECC201C05387}.Release|x64.Build.0 = Release|Any CPU
		{B10EC419-63EB-44CD-BCCF-218432847349}.Debug|Any CPU.ActiveCfg = Debug|Any CPU
		{B10EC419-63EB-44CD-BCCF-218432847349}.Debug|Any CPU.Build.0 = Debug|Any CPU
		{B10EC419-63EB-44CD-BCCF-218432847349}.Debug|x64.ActiveCfg = Debug|Any CPU
		{B10EC419-63EB-44CD-BCCF-218432847349}.Debug|x64.Build.0 = Debug|Any CPU
		{B10EC419-63EB-44CD-BCCF-218432847349}.Release|Any CPU.ActiveCfg = Release|Any CPU
		{B10EC419-63EB-44CD-BCCF-218432847349}.Release|Any CPU.Build.0 = Release|Any CPU
		{B10EC419-63EB-44CD-BCCF-218432847349}.Release|x64.ActiveCfg = Release|Any CPU
		{B10EC419-63EB-44CD-BCCF-218432847349}.Release|x64.Build.0 = Release|Any CPU
		{24C8D270-9764-4AC7-9F89-D5497F8F0AF9}.Debug|Any CPU.ActiveCfg = Debug|Any CPU
		{24C8D270-9764-4AC7-9F89-D5497F8F0AF9}.Debug|Any CPU.Build.0 = Debug|Any CPU
		{24C8D270-9764-4AC7-9F89-D5497F8F0AF9}.Debug|x64.ActiveCfg = Debug|Any CPU
		{24C8D270-9764-4AC7-9F89-D5497F8F0AF9}.Debug|x64.Build.0 = Debug|Any CPU
		{24C8D270-9764-4AC7-9F89-D5497F8F0AF9}.Release|Any CPU.ActiveCfg = Release|Any CPU
		{24C8D270-9764-4AC7-9F89-D5497F8F0AF9}.Release|Any CPU.Build.0 = Release|Any CPU
		{24C8D270-9764-4AC7-9F89-D5497F8F0AF9}.Release|x64.ActiveCfg = Release|Any CPU
		{24C8D270-9764-4AC7-9F89-D5497F8F0AF9}.Release|x64.Build.0 = Release|Any CPU
		{56C5D2A2-073D-4FE8-8989-D5F4CDF30B4B}.Debug|Any CPU.ActiveCfg = Debug|Any CPU
		{56C5D2A2-073D-4FE8-8989-D5F4CDF30B4B}.Debug|Any CPU.Build.0 = Debug|Any CPU
		{56C5D2A2-073D-4FE8-8989-D5F4CDF30B4B}.Debug|x64.ActiveCfg = Debug|Any CPU
		{56C5D2A2-073D-4FE8-8989-D5F4CDF30B4B}.Debug|x64.Build.0 = Debug|Any CPU
		{56C5D2A2-073D-4FE8-8989-D5F4CDF30B4B}.Release|Any CPU.ActiveCfg = Release|Any CPU
		{56C5D2A2-073D-4FE8-8989-D5F4CDF30B4B}.Release|Any CPU.Build.0 = Release|Any CPU
		{56C5D2A2-073D-4FE8-8989-D5F4CDF30B4B}.Release|x64.ActiveCfg = Release|Any CPU
		{56C5D2A2-073D-4FE8-8989-D5F4CDF30B4B}.Release|x64.Build.0 = Release|Any CPU
		{68057638-210A-4DE9-8287-5E7602CB779F}.Debug|Any CPU.ActiveCfg = Debug|Any CPU
		{68057638-210A-4DE9-8287-5E7602CB779F}.Debug|Any CPU.Build.0 = Debug|Any CPU
		{68057638-210A-4DE9-8287-5E7602CB779F}.Debug|x64.ActiveCfg = Debug|Any CPU
		{68057638-210A-4DE9-8287-5E7602CB779F}.Debug|x64.Build.0 = Debug|Any CPU
		{68057638-210A-4DE9-8287-5E7602CB779F}.Release|Any CPU.ActiveCfg = Release|Any CPU
		{68057638-210A-4DE9-8287-5E7602CB779F}.Release|Any CPU.Build.0 = Release|Any CPU
		{68057638-210A-4DE9-8287-5E7602CB779F}.Release|x64.ActiveCfg = Release|Any CPU
		{68057638-210A-4DE9-8287-5E7602CB779F}.Release|x64.Build.0 = Release|Any CPU
		{CB1C42D4-1167-4CA8-BA39-43584F71122D}.Debug|Any CPU.ActiveCfg = Debug|Any CPU
		{CB1C42D4-1167-4CA8-BA39-43584F71122D}.Debug|Any CPU.Build.0 = Debug|Any CPU
		{CB1C42D4-1167-4CA8-BA39-43584F71122D}.Debug|x64.ActiveCfg = Debug|Any CPU
		{CB1C42D4-1167-4CA8-BA39-43584F71122D}.Debug|x64.Build.0 = Debug|Any CPU
		{CB1C42D4-1167-4CA8-BA39-43584F71122D}.Release|Any CPU.ActiveCfg = Release|Any CPU
		{CB1C42D4-1167-4CA8-BA39-43584F71122D}.Release|Any CPU.Build.0 = Release|Any CPU
		{CB1C42D4-1167-4CA8-BA39-43584F71122D}.Release|x64.ActiveCfg = Release|Any CPU
		{CB1C42D4-1167-4CA8-BA39-43584F71122D}.Release|x64.Build.0 = Release|Any CPU
		{4FEB4DC7-1998-4804-9161-77B0AEC737A2}.Debug|Any CPU.ActiveCfg = Debug|Any CPU
		{4FEB4DC7-1998-4804-9161-77B0AEC737A2}.Debug|Any CPU.Build.0 = Debug|Any CPU
		{4FEB4DC7-1998-4804-9161-77B0AEC737A2}.Debug|x64.ActiveCfg = Debug|Any CPU
		{4FEB4DC7-1998-4804-9161-77B0AEC737A2}.Debug|x64.Build.0 = Debug|Any CPU
		{4FEB4DC7-1998-4804-9161-77B0AEC737A2}.Release|Any CPU.ActiveCfg = Release|Any CPU
		{4FEB4DC7-1998-4804-9161-77B0AEC737A2}.Release|Any CPU.Build.0 = Release|Any CPU
		{4FEB4DC7-1998-4804-9161-77B0AEC737A2}.Release|x64.ActiveCfg = Release|Any CPU
		{4FEB4DC7-1998-4804-9161-77B0AEC737A2}.Release|x64.Build.0 = Release|Any CPU
		{CAB15DD5-DEDC-4CC0-A757-8A1176ADE11B}.Debug|Any CPU.ActiveCfg = Debug|Any CPU
		{CAB15DD5-DEDC-4CC0-A757-8A1176ADE11B}.Debug|Any CPU.Build.0 = Debug|Any CPU
		{CAB15DD5-DEDC-4CC0-A757-8A1176ADE11B}.Debug|x64.ActiveCfg = Debug|Any CPU
		{CAB15DD5-DEDC-4CC0-A757-8A1176ADE11B}.Debug|x64.Build.0 = Debug|Any CPU
		{CAB15DD5-DEDC-4CC0-A757-8A1176ADE11B}.Release|Any CPU.ActiveCfg = Release|Any CPU
		{CAB15DD5-DEDC-4CC0-A757-8A1176ADE11B}.Release|Any CPU.Build.0 = Release|Any CPU
		{CAB15DD5-DEDC-4CC0-A757-8A1176ADE11B}.Release|x64.ActiveCfg = Release|Any CPU
		{CAB15DD5-DEDC-4CC0-A757-8A1176ADE11B}.Release|x64.Build.0 = Release|Any CPU
		{36B746B8-E7F0-476E-964E-9117AF8EC2CD}.Debug|Any CPU.ActiveCfg = Debug|Any CPU
		{36B746B8-E7F0-476E-964E-9117AF8EC2CD}.Debug|Any CPU.Build.0 = Debug|Any CPU
		{36B746B8-E7F0-476E-964E-9117AF8EC2CD}.Debug|x64.ActiveCfg = Debug|Any CPU
		{36B746B8-E7F0-476E-964E-9117AF8EC2CD}.Debug|x64.Build.0 = Debug|Any CPU
		{36B746B8-E7F0-476E-964E-9117AF8EC2CD}.Release|Any CPU.ActiveCfg = Release|Any CPU
		{36B746B8-E7F0-476E-964E-9117AF8EC2CD}.Release|Any CPU.Build.0 = Release|Any CPU
		{36B746B8-E7F0-476E-964E-9117AF8EC2CD}.Release|x64.ActiveCfg = Release|Any CPU
		{36B746B8-E7F0-476E-964E-9117AF8EC2CD}.Release|x64.Build.0 = Release|Any CPU
		{E6D00360-EC8F-4BB8-AD54-F8106CAC62C9}.Debug|Any CPU.ActiveCfg = Debug|Any CPU
		{E6D00360-EC8F-4BB8-AD54-F8106CAC62C9}.Debug|Any CPU.Build.0 = Debug|Any CPU
		{E6D00360-EC8F-4BB8-AD54-F8106CAC62C9}.Debug|x64.ActiveCfg = Debug|Any CPU
		{E6D00360-EC8F-4BB8-AD54-F8106CAC62C9}.Debug|x64.Build.0 = Debug|Any CPU
		{E6D00360-EC8F-4BB8-AD54-F8106CAC62C9}.Release|Any CPU.ActiveCfg = Release|Any CPU
		{E6D00360-EC8F-4BB8-AD54-F8106CAC62C9}.Release|Any CPU.Build.0 = Release|Any CPU
		{E6D00360-EC8F-4BB8-AD54-F8106CAC62C9}.Release|x64.ActiveCfg = Release|Any CPU
		{E6D00360-EC8F-4BB8-AD54-F8106CAC62C9}.Release|x64.Build.0 = Release|Any CPU
		{C61A02ED-993C-4951-8B65-FC2A1010BB8C}.Debug|Any CPU.ActiveCfg = Debug|Any CPU
		{C61A02ED-993C-4951-8B65-FC2A1010BB8C}.Debug|Any CPU.Build.0 = Debug|Any CPU
		{C61A02ED-993C-4951-8B65-FC2A1010BB8C}.Debug|x64.ActiveCfg = Debug|Any CPU
		{C61A02ED-993C-4951-8B65-FC2A1010BB8C}.Debug|x64.Build.0 = Debug|Any CPU
		{C61A02ED-993C-4951-8B65-FC2A1010BB8C}.Release|Any CPU.ActiveCfg = Release|Any CPU
		{C61A02ED-993C-4951-8B65-FC2A1010BB8C}.Release|Any CPU.Build.0 = Release|Any CPU
		{C61A02ED-993C-4951-8B65-FC2A1010BB8C}.Release|x64.ActiveCfg = Release|Any CPU
		{C61A02ED-993C-4951-8B65-FC2A1010BB8C}.Release|x64.Build.0 = Release|Any CPU
		{70ED5623-D577-4393-A837-2C92D2BFAA90}.Debug|Any CPU.ActiveCfg = Debug|Any CPU
		{70ED5623-D577-4393-A837-2C92D2BFAA90}.Debug|Any CPU.Build.0 = Debug|Any CPU
		{70ED5623-D577-4393-A837-2C92D2BFAA90}.Debug|x64.ActiveCfg = Debug|Any CPU
		{70ED5623-D577-4393-A837-2C92D2BFAA90}.Debug|x64.Build.0 = Debug|Any CPU
		{70ED5623-D577-4393-A837-2C92D2BFAA90}.Release|Any CPU.ActiveCfg = Release|Any CPU
		{70ED5623-D577-4393-A837-2C92D2BFAA90}.Release|Any CPU.Build.0 = Release|Any CPU
		{70ED5623-D577-4393-A837-2C92D2BFAA90}.Release|x64.ActiveCfg = Release|Any CPU
		{70ED5623-D577-4393-A837-2C92D2BFAA90}.Release|x64.Build.0 = Release|Any CPU
		{DA88D84E-749E-4CEA-A9EA-7718B7A3A43F}.Debug|Any CPU.ActiveCfg = Debug|Any CPU
		{DA88D84E-749E-4CEA-A9EA-7718B7A3A43F}.Debug|Any CPU.Build.0 = Debug|Any CPU
		{DA88D84E-749E-4CEA-A9EA-7718B7A3A43F}.Debug|x64.ActiveCfg = Debug|Any CPU
		{DA88D84E-749E-4CEA-A9EA-7718B7A3A43F}.Debug|x64.Build.0 = Debug|Any CPU
		{DA88D84E-749E-4CEA-A9EA-7718B7A3A43F}.Release|Any CPU.ActiveCfg = Release|Any CPU
		{DA88D84E-749E-4CEA-A9EA-7718B7A3A43F}.Release|Any CPU.Build.0 = Release|Any CPU
		{DA88D84E-749E-4CEA-A9EA-7718B7A3A43F}.Release|x64.ActiveCfg = Release|Any CPU
		{DA88D84E-749E-4CEA-A9EA-7718B7A3A43F}.Release|x64.Build.0 = Release|Any CPU
		{2243D78E-C015-456B-815E-A85596772F2F}.Debug|Any CPU.ActiveCfg = Debug|Any CPU
		{2243D78E-C015-456B-815E-A85596772F2F}.Debug|Any CPU.Build.0 = Debug|Any CPU
		{2243D78E-C015-456B-815E-A85596772F2F}.Debug|x64.ActiveCfg = Debug|Any CPU
		{2243D78E-C015-456B-815E-A85596772F2F}.Debug|x64.Build.0 = Debug|Any CPU
		{2243D78E-C015-456B-815E-A85596772F2F}.Release|Any CPU.ActiveCfg = Release|Any CPU
		{2243D78E-C015-456B-815E-A85596772F2F}.Release|Any CPU.Build.0 = Release|Any CPU
		{2243D78E-C015-456B-815E-A85596772F2F}.Release|x64.ActiveCfg = Release|Any CPU
		{2243D78E-C015-456B-815E-A85596772F2F}.Release|x64.Build.0 = Release|Any CPU
		{DF41CC77-84B5-4735-96CD-F228D5C1EDA7}.Debug|Any CPU.ActiveCfg = Debug|Any CPU
		{DF41CC77-84B5-4735-96CD-F228D5C1EDA7}.Debug|Any CPU.Build.0 = Debug|Any CPU
		{DF41CC77-84B5-4735-96CD-F228D5C1EDA7}.Debug|x64.ActiveCfg = Debug|Any CPU
		{DF41CC77-84B5-4735-96CD-F228D5C1EDA7}.Debug|x64.Build.0 = Debug|Any CPU
		{DF41CC77-84B5-4735-96CD-F228D5C1EDA7}.Release|Any CPU.ActiveCfg = Release|Any CPU
		{DF41CC77-84B5-4735-96CD-F228D5C1EDA7}.Release|Any CPU.Build.0 = Release|Any CPU
		{DF41CC77-84B5-4735-96CD-F228D5C1EDA7}.Release|x64.ActiveCfg = Release|Any CPU
		{DF41CC77-84B5-4735-96CD-F228D5C1EDA7}.Release|x64.Build.0 = Release|Any CPU
		{14F011B8-D0EF-4EAF-88C9-CEA8CF21EC59}.Debug|Any CPU.ActiveCfg = Debug|Any CPU
		{14F011B8-D0EF-4EAF-88C9-CEA8CF21EC59}.Debug|Any CPU.Build.0 = Debug|Any CPU
		{14F011B8-D0EF-4EAF-88C9-CEA8CF21EC59}.Debug|x64.ActiveCfg = Debug|Any CPU
		{14F011B8-D0EF-4EAF-88C9-CEA8CF21EC59}.Debug|x64.Build.0 = Debug|Any CPU
		{14F011B8-D0EF-4EAF-88C9-CEA8CF21EC59}.Release|Any CPU.ActiveCfg = Release|Any CPU
		{14F011B8-D0EF-4EAF-88C9-CEA8CF21EC59}.Release|Any CPU.Build.0 = Release|Any CPU
		{14F011B8-D0EF-4EAF-88C9-CEA8CF21EC59}.Release|x64.ActiveCfg = Release|Any CPU
		{14F011B8-D0EF-4EAF-88C9-CEA8CF21EC59}.Release|x64.Build.0 = Release|Any CPU
		{FB52D35A-FA4C-4063-90AC-BA11E24E8ED7}.Debug|Any CPU.ActiveCfg = Debug|Any CPU
		{FB52D35A-FA4C-4063-90AC-BA11E24E8ED7}.Debug|Any CPU.Build.0 = Debug|Any CPU
		{FB52D35A-FA4C-4063-90AC-BA11E24E8ED7}.Debug|x64.ActiveCfg = Debug|Any CPU
		{FB52D35A-FA4C-4063-90AC-BA11E24E8ED7}.Debug|x64.Build.0 = Debug|Any CPU
		{FB52D35A-FA4C-4063-90AC-BA11E24E8ED7}.Release|Any CPU.ActiveCfg = Release|Any CPU
		{FB52D35A-FA4C-4063-90AC-BA11E24E8ED7}.Release|Any CPU.Build.0 = Release|Any CPU
		{FB52D35A-FA4C-4063-90AC-BA11E24E8ED7}.Release|x64.ActiveCfg = Release|Any CPU
		{FB52D35A-FA4C-4063-90AC-BA11E24E8ED7}.Release|x64.Build.0 = Release|Any CPU
		{AFA749AA-B20F-41A6-88F7-9B6BC051EA59}.Debug|Any CPU.ActiveCfg = Debug|Any CPU
		{AFA749AA-B20F-41A6-88F7-9B6BC051EA59}.Debug|Any CPU.Build.0 = Debug|Any CPU
		{AFA749AA-B20F-41A6-88F7-9B6BC051EA59}.Debug|x64.ActiveCfg = Debug|Any CPU
		{AFA749AA-B20F-41A6-88F7-9B6BC051EA59}.Debug|x64.Build.0 = Debug|Any CPU
		{AFA749AA-B20F-41A6-88F7-9B6BC051EA59}.Release|Any CPU.ActiveCfg = Release|Any CPU
		{AFA749AA-B20F-41A6-88F7-9B6BC051EA59}.Release|Any CPU.Build.0 = Release|Any CPU
		{AFA749AA-B20F-41A6-88F7-9B6BC051EA59}.Release|x64.ActiveCfg = Release|Any CPU
		{AFA749AA-B20F-41A6-88F7-9B6BC051EA59}.Release|x64.Build.0 = Release|Any CPU
		{229693CC-3CA8-45C8-A91A-D43975905D9D}.Debug|Any CPU.ActiveCfg = Debug|Any CPU
		{229693CC-3CA8-45C8-A91A-D43975905D9D}.Debug|Any CPU.Build.0 = Debug|Any CPU
		{229693CC-3CA8-45C8-A91A-D43975905D9D}.Debug|x64.ActiveCfg = Debug|Any CPU
		{229693CC-3CA8-45C8-A91A-D43975905D9D}.Debug|x64.Build.0 = Debug|Any CPU
		{229693CC-3CA8-45C8-A91A-D43975905D9D}.Release|Any CPU.ActiveCfg = Release|Any CPU
		{229693CC-3CA8-45C8-A91A-D43975905D9D}.Release|Any CPU.Build.0 = Release|Any CPU
		{229693CC-3CA8-45C8-A91A-D43975905D9D}.Release|x64.ActiveCfg = Release|Any CPU
		{229693CC-3CA8-45C8-A91A-D43975905D9D}.Release|x64.Build.0 = Release|Any CPU
		{E2ABEB1D-960F-4DC7-AEF6-23532FFF3BB8}.Debug|Any CPU.ActiveCfg = Debug|Any CPU
		{E2ABEB1D-960F-4DC7-AEF6-23532FFF3BB8}.Debug|Any CPU.Build.0 = Debug|Any CPU
		{E2ABEB1D-960F-4DC7-AEF6-23532FFF3BB8}.Debug|x64.ActiveCfg = Debug|Any CPU
		{E2ABEB1D-960F-4DC7-AEF6-23532FFF3BB8}.Debug|x64.Build.0 = Debug|Any CPU
		{E2ABEB1D-960F-4DC7-AEF6-23532FFF3BB8}.Release|Any CPU.ActiveCfg = Release|Any CPU
		{E2ABEB1D-960F-4DC7-AEF6-23532FFF3BB8}.Release|Any CPU.Build.0 = Release|Any CPU
		{E2ABEB1D-960F-4DC7-AEF6-23532FFF3BB8}.Release|x64.ActiveCfg = Release|Any CPU
		{E2ABEB1D-960F-4DC7-AEF6-23532FFF3BB8}.Release|x64.Build.0 = Release|Any CPU
		{A56256D0-7C1C-4BC3-B1F3-6CE6AC198BDE}.Debug|Any CPU.ActiveCfg = Debug|Any CPU
		{A56256D0-7C1C-4BC3-B1F3-6CE6AC198BDE}.Debug|Any CPU.Build.0 = Debug|Any CPU
		{A56256D0-7C1C-4BC3-B1F3-6CE6AC198BDE}.Debug|x64.ActiveCfg = Debug|Any CPU
		{A56256D0-7C1C-4BC3-B1F3-6CE6AC198BDE}.Debug|x64.Build.0 = Debug|Any CPU
		{A56256D0-7C1C-4BC3-B1F3-6CE6AC198BDE}.Release|Any CPU.ActiveCfg = Release|Any CPU
		{A56256D0-7C1C-4BC3-B1F3-6CE6AC198BDE}.Release|Any CPU.Build.0 = Release|Any CPU
		{A56256D0-7C1C-4BC3-B1F3-6CE6AC198BDE}.Release|x64.ActiveCfg = Release|Any CPU
		{A56256D0-7C1C-4BC3-B1F3-6CE6AC198BDE}.Release|x64.Build.0 = Release|Any CPU
		{580008F8-CD07-430B-9E34-6723BC990F58}.Debug|Any CPU.ActiveCfg = Debug|Any CPU
		{580008F8-CD07-430B-9E34-6723BC990F58}.Debug|Any CPU.Build.0 = Debug|Any CPU
		{580008F8-CD07-430B-9E34-6723BC990F58}.Debug|x64.ActiveCfg = Debug|Any CPU
		{580008F8-CD07-430B-9E34-6723BC990F58}.Debug|x64.Build.0 = Debug|Any CPU
		{580008F8-CD07-430B-9E34-6723BC990F58}.Release|Any CPU.ActiveCfg = Release|Any CPU
		{580008F8-CD07-430B-9E34-6723BC990F58}.Release|Any CPU.Build.0 = Release|Any CPU
		{580008F8-CD07-430B-9E34-6723BC990F58}.Release|x64.ActiveCfg = Release|Any CPU
		{580008F8-CD07-430B-9E34-6723BC990F58}.Release|x64.Build.0 = Release|Any CPU
		{CA1BCECE-9451-4F56-B816-8A6CB5B0D445}.Debug|Any CPU.ActiveCfg = Debug|Any CPU
		{CA1BCECE-9451-4F56-B816-8A6CB5B0D445}.Debug|Any CPU.Build.0 = Debug|Any CPU
		{CA1BCECE-9451-4F56-B816-8A6CB5B0D445}.Debug|x64.ActiveCfg = Debug|Any CPU
		{CA1BCECE-9451-4F56-B816-8A6CB5B0D445}.Debug|x64.Build.0 = Debug|Any CPU
		{CA1BCECE-9451-4F56-B816-8A6CB5B0D445}.Release|Any CPU.ActiveCfg = Release|Any CPU
		{CA1BCECE-9451-4F56-B816-8A6CB5B0D445}.Release|Any CPU.Build.0 = Release|Any CPU
		{CA1BCECE-9451-4F56-B816-8A6CB5B0D445}.Release|x64.ActiveCfg = Release|Any CPU
		{CA1BCECE-9451-4F56-B816-8A6CB5B0D445}.Release|x64.Build.0 = Release|Any CPU
		{ABAFF662-7AAF-45A4-964F-9C05E7D5ADF1}.Debug|Any CPU.ActiveCfg = Debug|Any CPU
		{ABAFF662-7AAF-45A4-964F-9C05E7D5ADF1}.Debug|Any CPU.Build.0 = Debug|Any CPU
		{ABAFF662-7AAF-45A4-964F-9C05E7D5ADF1}.Debug|x64.ActiveCfg = Debug|Any CPU
		{ABAFF662-7AAF-45A4-964F-9C05E7D5ADF1}.Debug|x64.Build.0 = Debug|Any CPU
		{ABAFF662-7AAF-45A4-964F-9C05E7D5ADF1}.Release|Any CPU.ActiveCfg = Release|Any CPU
		{ABAFF662-7AAF-45A4-964F-9C05E7D5ADF1}.Release|Any CPU.Build.0 = Release|Any CPU
		{ABAFF662-7AAF-45A4-964F-9C05E7D5ADF1}.Release|x64.ActiveCfg = Release|Any CPU
		{ABAFF662-7AAF-45A4-964F-9C05E7D5ADF1}.Release|x64.Build.0 = Release|Any CPU
		{10E62224-AFD9-4907-8DEA-62A1EFA25424}.Debug|Any CPU.ActiveCfg = Debug|Any CPU
		{10E62224-AFD9-4907-8DEA-62A1EFA25424}.Debug|Any CPU.Build.0 = Debug|Any CPU
		{10E62224-AFD9-4907-8DEA-62A1EFA25424}.Debug|x64.ActiveCfg = Debug|Any CPU
		{10E62224-AFD9-4907-8DEA-62A1EFA25424}.Debug|x64.Build.0 = Debug|Any CPU
		{10E62224-AFD9-4907-8DEA-62A1EFA25424}.Release|Any CPU.ActiveCfg = Release|Any CPU
		{10E62224-AFD9-4907-8DEA-62A1EFA25424}.Release|Any CPU.Build.0 = Release|Any CPU
		{10E62224-AFD9-4907-8DEA-62A1EFA25424}.Release|x64.ActiveCfg = Release|Any CPU
		{10E62224-AFD9-4907-8DEA-62A1EFA25424}.Release|x64.Build.0 = Release|Any CPU
		{338FE6B0-4BC0-4E9F-8F53-219E5E7B75AB}.Debug|Any CPU.ActiveCfg = Debug|Any CPU
		{338FE6B0-4BC0-4E9F-8F53-219E5E7B75AB}.Debug|Any CPU.Build.0 = Debug|Any CPU
		{338FE6B0-4BC0-4E9F-8F53-219E5E7B75AB}.Debug|x64.ActiveCfg = Debug|Any CPU
		{338FE6B0-4BC0-4E9F-8F53-219E5E7B75AB}.Debug|x64.Build.0 = Debug|Any CPU
		{338FE6B0-4BC0-4E9F-8F53-219E5E7B75AB}.Release|Any CPU.ActiveCfg = Release|Any CPU
		{338FE6B0-4BC0-4E9F-8F53-219E5E7B75AB}.Release|Any CPU.Build.0 = Release|Any CPU
		{338FE6B0-4BC0-4E9F-8F53-219E5E7B75AB}.Release|x64.ActiveCfg = Release|Any CPU
		{338FE6B0-4BC0-4E9F-8F53-219E5E7B75AB}.Release|x64.Build.0 = Release|Any CPU
		{782BC624-02B5-430D-9E95-9F2FC5284487}.Debug|Any CPU.ActiveCfg = Debug|Any CPU
		{782BC624-02B5-430D-9E95-9F2FC5284487}.Debug|Any CPU.Build.0 = Debug|Any CPU
		{782BC624-02B5-430D-9E95-9F2FC5284487}.Debug|x64.ActiveCfg = Debug|Any CPU
		{782BC624-02B5-430D-9E95-9F2FC5284487}.Debug|x64.Build.0 = Debug|Any CPU
		{782BC624-02B5-430D-9E95-9F2FC5284487}.Release|Any CPU.ActiveCfg = Release|Any CPU
		{782BC624-02B5-430D-9E95-9F2FC5284487}.Release|Any CPU.Build.0 = Release|Any CPU
		{782BC624-02B5-430D-9E95-9F2FC5284487}.Release|x64.ActiveCfg = Release|Any CPU
		{782BC624-02B5-430D-9E95-9F2FC5284487}.Release|x64.Build.0 = Release|Any CPU
		{6AF9632C-307C-42F4-B688-B2384A83DE30}.Debug|Any CPU.ActiveCfg = Debug|Any CPU
		{6AF9632C-307C-42F4-B688-B2384A83DE30}.Debug|Any CPU.Build.0 = Debug|Any CPU
		{6AF9632C-307C-42F4-B688-B2384A83DE30}.Debug|x64.ActiveCfg = Debug|Any CPU
		{6AF9632C-307C-42F4-B688-B2384A83DE30}.Debug|x64.Build.0 = Debug|Any CPU
		{6AF9632C-307C-42F4-B688-B2384A83DE30}.Release|Any CPU.ActiveCfg = Release|Any CPU
		{6AF9632C-307C-42F4-B688-B2384A83DE30}.Release|Any CPU.Build.0 = Release|Any CPU
		{6AF9632C-307C-42F4-B688-B2384A83DE30}.Release|x64.ActiveCfg = Release|Any CPU
		{6AF9632C-307C-42F4-B688-B2384A83DE30}.Release|x64.Build.0 = Release|Any CPU
		{4BD5A4A1-6387-46E3-B207-A0CDBA269E98}.Debug|Any CPU.ActiveCfg = Debug|Any CPU
		{4BD5A4A1-6387-46E3-B207-A0CDBA269E98}.Debug|Any CPU.Build.0 = Debug|Any CPU
		{4BD5A4A1-6387-46E3-B207-A0CDBA269E98}.Debug|x64.ActiveCfg = Debug|Any CPU
		{4BD5A4A1-6387-46E3-B207-A0CDBA269E98}.Debug|x64.Build.0 = Debug|Any CPU
		{4BD5A4A1-6387-46E3-B207-A0CDBA269E98}.Release|Any CPU.ActiveCfg = Release|Any CPU
		{4BD5A4A1-6387-46E3-B207-A0CDBA269E98}.Release|Any CPU.Build.0 = Release|Any CPU
		{4BD5A4A1-6387-46E3-B207-A0CDBA269E98}.Release|x64.ActiveCfg = Release|Any CPU
		{4BD5A4A1-6387-46E3-B207-A0CDBA269E98}.Release|x64.Build.0 = Release|Any CPU
		{A621E00F-011F-464F-A28F-CE7106D89822}.Debug|Any CPU.ActiveCfg = Debug|Any CPU
		{A621E00F-011F-464F-A28F-CE7106D89822}.Debug|Any CPU.Build.0 = Debug|Any CPU
		{A621E00F-011F-464F-A28F-CE7106D89822}.Debug|x64.ActiveCfg = Debug|Any CPU
		{A621E00F-011F-464F-A28F-CE7106D89822}.Debug|x64.Build.0 = Debug|Any CPU
		{A621E00F-011F-464F-A28F-CE7106D89822}.Release|Any CPU.ActiveCfg = Release|Any CPU
		{A621E00F-011F-464F-A28F-CE7106D89822}.Release|Any CPU.Build.0 = Release|Any CPU
		{A621E00F-011F-464F-A28F-CE7106D89822}.Release|x64.ActiveCfg = Release|Any CPU
		{A621E00F-011F-464F-A28F-CE7106D89822}.Release|x64.Build.0 = Release|Any CPU
		{6474CAB5-8EC8-49A5-AE53-9B392DC6A1DF}.Debug|Any CPU.ActiveCfg = Debug|Any CPU
		{6474CAB5-8EC8-49A5-AE53-9B392DC6A1DF}.Debug|Any CPU.Build.0 = Debug|Any CPU
		{6474CAB5-8EC8-49A5-AE53-9B392DC6A1DF}.Debug|x64.ActiveCfg = Debug|Any CPU
		{6474CAB5-8EC8-49A5-AE53-9B392DC6A1DF}.Debug|x64.Build.0 = Debug|Any CPU
		{6474CAB5-8EC8-49A5-AE53-9B392DC6A1DF}.Release|Any CPU.ActiveCfg = Release|Any CPU
		{6474CAB5-8EC8-49A5-AE53-9B392DC6A1DF}.Release|Any CPU.Build.0 = Release|Any CPU
		{6474CAB5-8EC8-49A5-AE53-9B392DC6A1DF}.Release|x64.ActiveCfg = Release|Any CPU
		{6474CAB5-8EC8-49A5-AE53-9B392DC6A1DF}.Release|x64.Build.0 = Release|Any CPU
		{43521D7D-BA0D-4A31-A589-1D65F46477B5}.Debug|Any CPU.ActiveCfg = Debug|Any CPU
		{43521D7D-BA0D-4A31-A589-1D65F46477B5}.Debug|Any CPU.Build.0 = Debug|Any CPU
		{43521D7D-BA0D-4A31-A589-1D65F46477B5}.Debug|x64.ActiveCfg = Debug|Any CPU
		{43521D7D-BA0D-4A31-A589-1D65F46477B5}.Debug|x64.Build.0 = Debug|Any CPU
		{43521D7D-BA0D-4A31-A589-1D65F46477B5}.Release|Any CPU.ActiveCfg = Release|Any CPU
		{43521D7D-BA0D-4A31-A589-1D65F46477B5}.Release|Any CPU.Build.0 = Release|Any CPU
		{43521D7D-BA0D-4A31-A589-1D65F46477B5}.Release|x64.ActiveCfg = Release|Any CPU
		{43521D7D-BA0D-4A31-A589-1D65F46477B5}.Release|x64.Build.0 = Release|Any CPU
		{53843D20-0A69-4BE6-9B9E-22D48A497DC6}.Debug|Any CPU.ActiveCfg = Debug|Any CPU
		{53843D20-0A69-4BE6-9B9E-22D48A497DC6}.Debug|Any CPU.Build.0 = Debug|Any CPU
		{53843D20-0A69-4BE6-9B9E-22D48A497DC6}.Debug|x64.ActiveCfg = Debug|Any CPU
		{53843D20-0A69-4BE6-9B9E-22D48A497DC6}.Debug|x64.Build.0 = Debug|Any CPU
		{53843D20-0A69-4BE6-9B9E-22D48A497DC6}.Release|Any CPU.ActiveCfg = Release|Any CPU
		{53843D20-0A69-4BE6-9B9E-22D48A497DC6}.Release|Any CPU.Build.0 = Release|Any CPU
		{53843D20-0A69-4BE6-9B9E-22D48A497DC6}.Release|x64.ActiveCfg = Release|Any CPU
		{53843D20-0A69-4BE6-9B9E-22D48A497DC6}.Release|x64.Build.0 = Release|Any CPU
		{E28F2B47-F2F3-4E1F-93F0-DBD85B8EEE79}.Debug|Any CPU.ActiveCfg = Debug|Any CPU
		{E28F2B47-F2F3-4E1F-93F0-DBD85B8EEE79}.Debug|Any CPU.Build.0 = Debug|Any CPU
		{E28F2B47-F2F3-4E1F-93F0-DBD85B8EEE79}.Debug|x64.ActiveCfg = Debug|Any CPU
		{E28F2B47-F2F3-4E1F-93F0-DBD85B8EEE79}.Debug|x64.Build.0 = Debug|Any CPU
		{E28F2B47-F2F3-4E1F-93F0-DBD85B8EEE79}.Release|Any CPU.ActiveCfg = Release|Any CPU
		{E28F2B47-F2F3-4E1F-93F0-DBD85B8EEE79}.Release|Any CPU.Build.0 = Release|Any CPU
		{E28F2B47-F2F3-4E1F-93F0-DBD85B8EEE79}.Release|x64.ActiveCfg = Release|Any CPU
		{E28F2B47-F2F3-4E1F-93F0-DBD85B8EEE79}.Release|x64.Build.0 = Release|Any CPU
		{27928006-89B4-4B74-94D1-EFEC27283413}.Debug|Any CPU.ActiveCfg = Debug|Any CPU
		{27928006-89B4-4B74-94D1-EFEC27283413}.Debug|Any CPU.Build.0 = Debug|Any CPU
		{27928006-89B4-4B74-94D1-EFEC27283413}.Debug|x64.ActiveCfg = Debug|Any CPU
		{27928006-89B4-4B74-94D1-EFEC27283413}.Debug|x64.Build.0 = Debug|Any CPU
		{27928006-89B4-4B74-94D1-EFEC27283413}.Release|Any CPU.ActiveCfg = Release|Any CPU
		{27928006-89B4-4B74-94D1-EFEC27283413}.Release|Any CPU.Build.0 = Release|Any CPU
		{27928006-89B4-4B74-94D1-EFEC27283413}.Release|x64.ActiveCfg = Release|Any CPU
		{27928006-89B4-4B74-94D1-EFEC27283413}.Release|x64.Build.0 = Release|Any CPU
		{84860BA3-FEB7-4BA7-8F45-494A25B88DA4}.Debug|Any CPU.ActiveCfg = Debug|Any CPU
		{84860BA3-FEB7-4BA7-8F45-494A25B88DA4}.Debug|Any CPU.Build.0 = Debug|Any CPU
		{84860BA3-FEB7-4BA7-8F45-494A25B88DA4}.Debug|x64.ActiveCfg = Debug|Any CPU
		{84860BA3-FEB7-4BA7-8F45-494A25B88DA4}.Debug|x64.Build.0 = Debug|Any CPU
		{84860BA3-FEB7-4BA7-8F45-494A25B88DA4}.Release|Any CPU.ActiveCfg = Release|Any CPU
		{84860BA3-FEB7-4BA7-8F45-494A25B88DA4}.Release|Any CPU.Build.0 = Release|Any CPU
		{84860BA3-FEB7-4BA7-8F45-494A25B88DA4}.Release|x64.ActiveCfg = Release|Any CPU
		{84860BA3-FEB7-4BA7-8F45-494A25B88DA4}.Release|x64.Build.0 = Release|Any CPU
		{BA4FCEF1-E5F4-4AEC-9098-90449EE9D517}.Debug|Any CPU.ActiveCfg = Debug|Any CPU
		{BA4FCEF1-E5F4-4AEC-9098-90449EE9D517}.Debug|Any CPU.Build.0 = Debug|Any CPU
		{BA4FCEF1-E5F4-4AEC-9098-90449EE9D517}.Debug|x64.ActiveCfg = Debug|Any CPU
		{BA4FCEF1-E5F4-4AEC-9098-90449EE9D517}.Debug|x64.Build.0 = Debug|Any CPU
		{BA4FCEF1-E5F4-4AEC-9098-90449EE9D517}.Release|Any CPU.ActiveCfg = Release|Any CPU
		{BA4FCEF1-E5F4-4AEC-9098-90449EE9D517}.Release|Any CPU.Build.0 = Release|Any CPU
		{BA4FCEF1-E5F4-4AEC-9098-90449EE9D517}.Release|x64.ActiveCfg = Release|Any CPU
		{BA4FCEF1-E5F4-4AEC-9098-90449EE9D517}.Release|x64.Build.0 = Release|Any CPU
		{8EB15308-416D-430F-AFB7-28EE1592566E}.Debug|Any CPU.ActiveCfg = Debug|Any CPU
		{8EB15308-416D-430F-AFB7-28EE1592566E}.Debug|Any CPU.Build.0 = Debug|Any CPU
		{8EB15308-416D-430F-AFB7-28EE1592566E}.Debug|x64.ActiveCfg = Debug|Any CPU
		{8EB15308-416D-430F-AFB7-28EE1592566E}.Debug|x64.Build.0 = Debug|Any CPU
		{8EB15308-416D-430F-AFB7-28EE1592566E}.Release|Any CPU.ActiveCfg = Release|Any CPU
		{8EB15308-416D-430F-AFB7-28EE1592566E}.Release|Any CPU.Build.0 = Release|Any CPU
		{8EB15308-416D-430F-AFB7-28EE1592566E}.Release|x64.ActiveCfg = Release|Any CPU
		{8EB15308-416D-430F-AFB7-28EE1592566E}.Release|x64.Build.0 = Release|Any CPU
		{9E973FFF-7421-431A-8BA4-5E7BB0656B5B}.Debug|Any CPU.ActiveCfg = Debug|Any CPU
		{9E973FFF-7421-431A-8BA4-5E7BB0656B5B}.Debug|Any CPU.Build.0 = Debug|Any CPU
		{9E973FFF-7421-431A-8BA4-5E7BB0656B5B}.Debug|x64.ActiveCfg = Debug|Any CPU
		{9E973FFF-7421-431A-8BA4-5E7BB0656B5B}.Debug|x64.Build.0 = Debug|Any CPU
		{9E973FFF-7421-431A-8BA4-5E7BB0656B5B}.Release|Any CPU.ActiveCfg = Release|Any CPU
		{9E973FFF-7421-431A-8BA4-5E7BB0656B5B}.Release|Any CPU.Build.0 = Release|Any CPU
		{9E973FFF-7421-431A-8BA4-5E7BB0656B5B}.Release|x64.ActiveCfg = Release|Any CPU
		{9E973FFF-7421-431A-8BA4-5E7BB0656B5B}.Release|x64.Build.0 = Release|Any CPU
		{D7569AD3-81DF-4FBD-A463-D7BFD6531564}.Debug|Any CPU.ActiveCfg = Debug|Any CPU
		{D7569AD3-81DF-4FBD-A463-D7BFD6531564}.Debug|Any CPU.Build.0 = Debug|Any CPU
		{D7569AD3-81DF-4FBD-A463-D7BFD6531564}.Debug|x64.ActiveCfg = Debug|Any CPU
		{D7569AD3-81DF-4FBD-A463-D7BFD6531564}.Debug|x64.Build.0 = Debug|Any CPU
		{D7569AD3-81DF-4FBD-A463-D7BFD6531564}.Release|Any CPU.ActiveCfg = Release|Any CPU
		{D7569AD3-81DF-4FBD-A463-D7BFD6531564}.Release|Any CPU.Build.0 = Release|Any CPU
		{D7569AD3-81DF-4FBD-A463-D7BFD6531564}.Release|x64.ActiveCfg = Release|Any CPU
		{D7569AD3-81DF-4FBD-A463-D7BFD6531564}.Release|x64.Build.0 = Release|Any CPU
		{7AF62CC1-4009-4B41-AA68-A5BEB823372A}.Debug|Any CPU.ActiveCfg = Debug|Any CPU
		{7AF62CC1-4009-4B41-AA68-A5BEB823372A}.Debug|Any CPU.Build.0 = Debug|Any CPU
		{7AF62CC1-4009-4B41-AA68-A5BEB823372A}.Debug|x64.ActiveCfg = Debug|Any CPU
		{7AF62CC1-4009-4B41-AA68-A5BEB823372A}.Debug|x64.Build.0 = Debug|Any CPU
		{7AF62CC1-4009-4B41-AA68-A5BEB823372A}.Release|Any CPU.ActiveCfg = Release|Any CPU
		{7AF62CC1-4009-4B41-AA68-A5BEB823372A}.Release|Any CPU.Build.0 = Release|Any CPU
		{7AF62CC1-4009-4B41-AA68-A5BEB823372A}.Release|x64.ActiveCfg = Release|Any CPU
		{7AF62CC1-4009-4B41-AA68-A5BEB823372A}.Release|x64.Build.0 = Release|Any CPU
		{52C7931E-B0A9-4B12-A993-632007905A42}.Debug|Any CPU.ActiveCfg = Debug|Any CPU
		{52C7931E-B0A9-4B12-A993-632007905A42}.Debug|Any CPU.Build.0 = Debug|Any CPU
		{52C7931E-B0A9-4B12-A993-632007905A42}.Debug|x64.ActiveCfg = Debug|Any CPU
		{52C7931E-B0A9-4B12-A993-632007905A42}.Debug|x64.Build.0 = Debug|Any CPU
		{52C7931E-B0A9-4B12-A993-632007905A42}.Release|Any CPU.ActiveCfg = Release|Any CPU
		{52C7931E-B0A9-4B12-A993-632007905A42}.Release|Any CPU.Build.0 = Release|Any CPU
		{52C7931E-B0A9-4B12-A993-632007905A42}.Release|x64.ActiveCfg = Release|Any CPU
		{52C7931E-B0A9-4B12-A993-632007905A42}.Release|x64.Build.0 = Release|Any CPU
		{E4F3D1EF-3132-4D08-A558-143EBC5B61CF}.Debug|Any CPU.ActiveCfg = Debug|Any CPU
		{E4F3D1EF-3132-4D08-A558-143EBC5B61CF}.Debug|Any CPU.Build.0 = Debug|Any CPU
		{E4F3D1EF-3132-4D08-A558-143EBC5B61CF}.Debug|x64.ActiveCfg = Debug|Any CPU
		{E4F3D1EF-3132-4D08-A558-143EBC5B61CF}.Debug|x64.Build.0 = Debug|Any CPU
		{E4F3D1EF-3132-4D08-A558-143EBC5B61CF}.Release|Any CPU.ActiveCfg = Release|Any CPU
		{E4F3D1EF-3132-4D08-A558-143EBC5B61CF}.Release|Any CPU.Build.0 = Release|Any CPU
		{E4F3D1EF-3132-4D08-A558-143EBC5B61CF}.Release|x64.ActiveCfg = Release|Any CPU
		{E4F3D1EF-3132-4D08-A558-143EBC5B61CF}.Release|x64.Build.0 = Release|Any CPU
		{C537D31C-FAED-4D68-B54F-0D36BC591A97}.Debug|Any CPU.ActiveCfg = Debug|Any CPU
		{C537D31C-FAED-4D68-B54F-0D36BC591A97}.Debug|Any CPU.Build.0 = Debug|Any CPU
		{C537D31C-FAED-4D68-B54F-0D36BC591A97}.Debug|x64.ActiveCfg = Debug|Any CPU
		{C537D31C-FAED-4D68-B54F-0D36BC591A97}.Debug|x64.Build.0 = Debug|Any CPU
		{C537D31C-FAED-4D68-B54F-0D36BC591A97}.Release|Any CPU.ActiveCfg = Release|Any CPU
		{C537D31C-FAED-4D68-B54F-0D36BC591A97}.Release|Any CPU.Build.0 = Release|Any CPU
		{C537D31C-FAED-4D68-B54F-0D36BC591A97}.Release|x64.ActiveCfg = Release|Any CPU
		{C537D31C-FAED-4D68-B54F-0D36BC591A97}.Release|x64.Build.0 = Release|Any CPU
		{99E4A56C-5614-486E-929A-FD29E8DA1B12}.Debug|Any CPU.ActiveCfg = Debug|Any CPU
		{99E4A56C-5614-486E-929A-FD29E8DA1B12}.Debug|Any CPU.Build.0 = Debug|Any CPU
		{99E4A56C-5614-486E-929A-FD29E8DA1B12}.Debug|x64.ActiveCfg = Debug|Any CPU
		{99E4A56C-5614-486E-929A-FD29E8DA1B12}.Debug|x64.Build.0 = Debug|Any CPU
		{99E4A56C-5614-486E-929A-FD29E8DA1B12}.Release|Any CPU.ActiveCfg = Release|Any CPU
		{99E4A56C-5614-486E-929A-FD29E8DA1B12}.Release|Any CPU.Build.0 = Release|Any CPU
		{99E4A56C-5614-486E-929A-FD29E8DA1B12}.Release|x64.ActiveCfg = Release|Any CPU
		{99E4A56C-5614-486E-929A-FD29E8DA1B12}.Release|x64.Build.0 = Release|Any CPU
		{AFD45F13-6DD6-47F0-A912-572823CAE4AB}.Debug|Any CPU.ActiveCfg = Debug|Any CPU
		{AFD45F13-6DD6-47F0-A912-572823CAE4AB}.Debug|Any CPU.Build.0 = Debug|Any CPU
		{AFD45F13-6DD6-47F0-A912-572823CAE4AB}.Debug|x64.ActiveCfg = Debug|x64
		{AFD45F13-6DD6-47F0-A912-572823CAE4AB}.Debug|x64.Build.0 = Debug|x64
		{AFD45F13-6DD6-47F0-A912-572823CAE4AB}.Release|Any CPU.ActiveCfg = Release|Any CPU
		{AFD45F13-6DD6-47F0-A912-572823CAE4AB}.Release|Any CPU.Build.0 = Release|Any CPU
		{AFD45F13-6DD6-47F0-A912-572823CAE4AB}.Release|x64.ActiveCfg = Release|x64
		{AFD45F13-6DD6-47F0-A912-572823CAE4AB}.Release|x64.Build.0 = Release|x64
		{78C391BF-D5B4-4AC5-AB96-B2F45348C41C}.Debug|Any CPU.ActiveCfg = Debug|Any CPU
		{78C391BF-D5B4-4AC5-AB96-B2F45348C41C}.Debug|Any CPU.Build.0 = Debug|Any CPU
		{78C391BF-D5B4-4AC5-AB96-B2F45348C41C}.Debug|x64.ActiveCfg = Debug|Any CPU
		{78C391BF-D5B4-4AC5-AB96-B2F45348C41C}.Debug|x64.Build.0 = Debug|Any CPU
		{78C391BF-D5B4-4AC5-AB96-B2F45348C41C}.Release|Any CPU.ActiveCfg = Release|Any CPU
		{78C391BF-D5B4-4AC5-AB96-B2F45348C41C}.Release|Any CPU.Build.0 = Release|Any CPU
		{78C391BF-D5B4-4AC5-AB96-B2F45348C41C}.Release|x64.ActiveCfg = Release|Any CPU
		{78C391BF-D5B4-4AC5-AB96-B2F45348C41C}.Release|x64.Build.0 = Release|Any CPU
		{616AFF69-A71C-4A4D-A062-08E0B28CBAF8}.Debug|Any CPU.ActiveCfg = Debug|Any CPU
		{616AFF69-A71C-4A4D-A062-08E0B28CBAF8}.Debug|Any CPU.Build.0 = Debug|Any CPU
		{616AFF69-A71C-4A4D-A062-08E0B28CBAF8}.Debug|x64.ActiveCfg = Debug|Any CPU
		{616AFF69-A71C-4A4D-A062-08E0B28CBAF8}.Debug|x64.Build.0 = Debug|Any CPU
		{616AFF69-A71C-4A4D-A062-08E0B28CBAF8}.Release|Any CPU.ActiveCfg = Release|Any CPU
		{616AFF69-A71C-4A4D-A062-08E0B28CBAF8}.Release|Any CPU.Build.0 = Release|Any CPU
		{616AFF69-A71C-4A4D-A062-08E0B28CBAF8}.Release|x64.ActiveCfg = Release|Any CPU
		{616AFF69-A71C-4A4D-A062-08E0B28CBAF8}.Release|x64.Build.0 = Release|Any CPU
		{34B142AC-69BA-41E2-AEAF-C43C6EA00050}.Debug|Any CPU.ActiveCfg = Debug|Any CPU
		{34B142AC-69BA-41E2-AEAF-C43C6EA00050}.Debug|Any CPU.Build.0 = Debug|Any CPU
		{34B142AC-69BA-41E2-AEAF-C43C6EA00050}.Debug|x64.ActiveCfg = Debug|Any CPU
		{34B142AC-69BA-41E2-AEAF-C43C6EA00050}.Debug|x64.Build.0 = Debug|Any CPU
		{34B142AC-69BA-41E2-AEAF-C43C6EA00050}.Release|Any CPU.ActiveCfg = Release|Any CPU
		{34B142AC-69BA-41E2-AEAF-C43C6EA00050}.Release|Any CPU.Build.0 = Release|Any CPU
		{34B142AC-69BA-41E2-AEAF-C43C6EA00050}.Release|x64.ActiveCfg = Release|Any CPU
		{34B142AC-69BA-41E2-AEAF-C43C6EA00050}.Release|x64.Build.0 = Release|Any CPU
		{6BE00540-9A04-4E54-B995-31E151373A0F}.Debug|Any CPU.ActiveCfg = Debug|Any CPU
		{6BE00540-9A04-4E54-B995-31E151373A0F}.Debug|Any CPU.Build.0 = Debug|Any CPU
		{6BE00540-9A04-4E54-B995-31E151373A0F}.Debug|x64.ActiveCfg = Debug|Any CPU
		{6BE00540-9A04-4E54-B995-31E151373A0F}.Debug|x64.Build.0 = Debug|Any CPU
		{6BE00540-9A04-4E54-B995-31E151373A0F}.Release|Any CPU.ActiveCfg = Release|Any CPU
		{6BE00540-9A04-4E54-B995-31E151373A0F}.Release|Any CPU.Build.0 = Release|Any CPU
		{6BE00540-9A04-4E54-B995-31E151373A0F}.Release|x64.ActiveCfg = Release|Any CPU
		{6BE00540-9A04-4E54-B995-31E151373A0F}.Release|x64.Build.0 = Release|Any CPU
		{DF8F430A-A97A-4F5D-8A59-160021C07F89}.Debug|Any CPU.ActiveCfg = Debug|Any CPU
		{DF8F430A-A97A-4F5D-8A59-160021C07F89}.Debug|Any CPU.Build.0 = Debug|Any CPU
		{DF8F430A-A97A-4F5D-8A59-160021C07F89}.Debug|x64.ActiveCfg = Debug|Any CPU
		{DF8F430A-A97A-4F5D-8A59-160021C07F89}.Debug|x64.Build.0 = Debug|Any CPU
		{DF8F430A-A97A-4F5D-8A59-160021C07F89}.Release|Any CPU.ActiveCfg = Release|Any CPU
		{DF8F430A-A97A-4F5D-8A59-160021C07F89}.Release|Any CPU.Build.0 = Release|Any CPU
		{DF8F430A-A97A-4F5D-8A59-160021C07F89}.Release|x64.ActiveCfg = Release|Any CPU
		{DF8F430A-A97A-4F5D-8A59-160021C07F89}.Release|x64.Build.0 = Release|Any CPU
		{D6391A76-CBA3-46B1-8FE6-6F40CB7A1812}.Debug|Any CPU.ActiveCfg = Debug|Any CPU
		{D6391A76-CBA3-46B1-8FE6-6F40CB7A1812}.Debug|Any CPU.Build.0 = Debug|Any CPU
		{D6391A76-CBA3-46B1-8FE6-6F40CB7A1812}.Debug|x64.ActiveCfg = Debug|Any CPU
		{D6391A76-CBA3-46B1-8FE6-6F40CB7A1812}.Debug|x64.Build.0 = Debug|Any CPU
		{D6391A76-CBA3-46B1-8FE6-6F40CB7A1812}.Release|Any CPU.ActiveCfg = Release|Any CPU
		{D6391A76-CBA3-46B1-8FE6-6F40CB7A1812}.Release|Any CPU.Build.0 = Release|Any CPU
		{D6391A76-CBA3-46B1-8FE6-6F40CB7A1812}.Release|x64.ActiveCfg = Release|Any CPU
		{D6391A76-CBA3-46B1-8FE6-6F40CB7A1812}.Release|x64.Build.0 = Release|Any CPU
		{008EB3DF-AC7D-442C-9109-05DC86EBE317}.Debug|Any CPU.ActiveCfg = Debug|Any CPU
		{008EB3DF-AC7D-442C-9109-05DC86EBE317}.Debug|Any CPU.Build.0 = Debug|Any CPU
		{008EB3DF-AC7D-442C-9109-05DC86EBE317}.Debug|x64.ActiveCfg = Debug|Any CPU
		{008EB3DF-AC7D-442C-9109-05DC86EBE317}.Debug|x64.Build.0 = Debug|Any CPU
		{008EB3DF-AC7D-442C-9109-05DC86EBE317}.Release|Any CPU.ActiveCfg = Release|Any CPU
		{008EB3DF-AC7D-442C-9109-05DC86EBE317}.Release|Any CPU.Build.0 = Release|Any CPU
		{008EB3DF-AC7D-442C-9109-05DC86EBE317}.Release|x64.ActiveCfg = Release|Any CPU
		{008EB3DF-AC7D-442C-9109-05DC86EBE317}.Release|x64.Build.0 = Release|Any CPU
		{F2B59109-18AE-4806-ABA7-719364420DDE}.Debug|Any CPU.ActiveCfg = Debug|Any CPU
		{F2B59109-18AE-4806-ABA7-719364420DDE}.Debug|Any CPU.Build.0 = Debug|Any CPU
		{F2B59109-18AE-4806-ABA7-719364420DDE}.Debug|x64.ActiveCfg = Debug|Any CPU
		{F2B59109-18AE-4806-ABA7-719364420DDE}.Debug|x64.Build.0 = Debug|Any CPU
		{F2B59109-18AE-4806-ABA7-719364420DDE}.Release|Any CPU.ActiveCfg = Release|Any CPU
		{F2B59109-18AE-4806-ABA7-719364420DDE}.Release|Any CPU.Build.0 = Release|Any CPU
		{F2B59109-18AE-4806-ABA7-719364420DDE}.Release|x64.ActiveCfg = Release|Any CPU
		{F2B59109-18AE-4806-ABA7-719364420DDE}.Release|x64.Build.0 = Release|Any CPU
	EndGlobalSection
	GlobalSection(SolutionProperties) = preSolution
		HideSolutionNode = FALSE
	EndGlobalSection
	GlobalSection(ExtensibilityGlobals) = postSolution
		SolutionGuid = {FC817CF4-22CE-47B9-928A-D447E450589A}
	EndGlobalSection
EndGlobal
